
Microsoft Visual Studio Solution File, Format Version 12.00
Project("{FAE04EC0-301F-11D3-BF4B-00C04F79EFBC}") = "OrbitTracker.Api", "src\OrbitTracker.Api\OrbitTracker.Api.csproj", "{7D598BF0-1B7E-4C2B-9B5D-30A095B8F424}"
EndProject
Project("{FAE04EC0-301F-11D3-BF4B-00C04F79EFBC}") = "OrbitTracker.Core", "src\OrbitTracker.Core\OrbitTracker.Core.csproj", "{C1F2A3B4-5D6E-47F8-9A0B-C1D2E3F45678}"
EndProject
Project("{FAE04EC0-301F-11D3-BF4B-00C04F79EFBC}") = "OrbitTracker.Infrastructure", "src\OrbitTracker.Infrastructure\OrbitTracker.Infrastructure.csproj", "{D2E3F4A5-6B7C-48D9-0A1B-C2D3E4F56789}"
EndProject
Project("{2150E333-8FDC-42A3-9474-1A3956D46DE8}") = "Solution Items", "Solution Items", "{5950F1AC-4987-40D9-A5F0-C8258520DDB1}"
	ProjectSection(SolutionItems) = preProject
		compose.yaml = compose.yaml
	EndProjectSection
EndProject
Global
	GlobalSection(SolutionConfigurationPlatforms) = preSolution
		Debug|Any CPU = Debug|Any CPU
		Release|Any CPU = Release|Any CPU
	EndGlobalSection
	GlobalSection(ProjectConfigurationPlatforms) = postSolution
		{7D598BF0-1B7E-4C2B-9B5D-30A095B8F424}.Debug|Any CPU.ActiveCfg = Debug|Any CPU
		{7D598BF0-1B7E-4C2B-9B5D-30A095B8F424}.Debug|Any CPU.Build.0 = Debug|Any CPU
		{7D598BF0-1B7E-4C2B-9B5D-30A095B8F424}.Release|Any CPU.ActiveCfg = Release|Any CPU
		{7D598BF0-1B7E-4C2B-9B5D-30A095B8F424}.Release|Any CPU.Build.0 = Release|Any CPU
		{C1F2A3B4-5D6E-47F8-9A0B-C1D2E3F45678}.Debug|Any CPU.ActiveCfg = Debug|Any CPU
		{C1F2A3B4-5D6E-47F8-9A0B-C1D2E3F45678}.Debug|Any CPU.Build.0 = Debug|Any CPU
		{C1F2A3B4-5D6E-47F8-9A0B-C1D2E3F45678}.Release|Any CPU.ActiveCfg = Release|Any CPU
		{C1F2A3B4-5D6E-47F8-9A0B-C1D2E3F45678}.Release|Any CPU.Build.0 = Release|Any CPU
		{D2E3F4A5-6B7C-48D9-0A1B-C2D3E4F56789}.Debug|Any CPU.ActiveCfg = Debug|Any CPU
		{D2E3F4A5-6B7C-48D9-0A1B-C2D3E4F56789}.Debug|Any CPU.Build.0 = Debug|Any CPU
		{D2E3F4A5-6B7C-48D9-0A1B-C2D3E4F56789}.Release|Any CPU.ActiveCfg = Release|Any CPU
		{D2E3F4A5-6B7C-48D9-0A1B-C2D3E4F56789}.Release|Any CPU.Build.0 = Release|Any CPU
	EndGlobalSection
EndGlobal
